
Microsoft Visual Studio Solution File, Format Version 12.00
# Visual Studio Version 17
VisualStudioVersion = 17.8.34525.116
MinimumVisualStudioVersion = 10.0.40219.1
Project("{9A19103F-16F7-4668-BE54-9A1E7A4F7556}") = "BaseLibrary", "src\BaseLibrary\BaseLibrary.csproj", "{E371AE0A-7C46-495F-9CCA-0503FDCA7658}"
EndProject
Project("{2150E333-8FDC-42A3-9474-1A3956D46DE8}") = "src", "src", "{0489551B-0167-4CC5-A67F-FBF314BC8343}"
EndProject
Project("{9A19103F-16F7-4668-BE54-9A1E7A4F7556}") = "Server", "Server\Server.csproj", "{3C233A18-0A0D-4C72-8B7D-7F09D22140D5}"
EndProject
Project("{9A19103F-16F7-4668-BE54-9A1E7A4F7556}") = "Client", "Client\Client.csproj", "{F9025860-D2E5-4F21-AAA8-5A459F085631}"
EndProject
Project("{9A19103F-16F7-4668-BE54-9A1E7A4F7556}") = "ClientLibrary", "src\ClientLibrary\ClientLibrary.csproj", "{5F5BE8F8-50FA-4E61-95E5-8BF4B753104A}"
EndProject
Project("{FAE04EC0-301F-11D3-BF4B-00C04F79EFBC}") = "ServerLibrary", "src\ServerLibrary\ServerLibrary.csproj", "{A42F2BFC-0E37-4079-AFFC-3704B580AF67}"
EndProject
Global
	GlobalSection(SolutionConfigurationPlatforms) = preSolution
		Debug|Any CPU = Debug|Any CPU
		Release|Any CPU = Release|Any CPU
	EndGlobalSection
	GlobalSection(ProjectConfigurationPlatforms) = postSolution
		{E371AE0A-7C46-495F-9CCA-0503FDCA7658}.Debug|Any CPU.ActiveCfg = Debug|Any CPU
		{E371AE0A-7C46-495F-9CCA-0503FDCA7658}.Debug|Any CPU.Build.0 = Debug|Any CPU
		{E371AE0A-7C46-495F-9CCA-0503FDCA7658}.Release|Any CPU.ActiveCfg = Release|Any CPU
		{E371AE0A-7C46-495F-9CCA-0503FDCA7658}.Release|Any CPU.Build.0 = Release|Any CPU
		{3C233A18-0A0D-4C72-8B7D-7F09D22140D5}.Debug|Any CPU.ActiveCfg = Debug|Any CPU
		{3C233A18-0A0D-4C72-8B7D-7F09D22140D5}.Debug|Any CPU.Build.0 = Debug|Any CPU
		{3C233A18-0A0D-4C72-8B7D-7F09D22140D5}.Release|Any CPU.ActiveCfg = Release|Any CPU
		{3C233A18-0A0D-4C72-8B7D-7F09D22140D5}.Release|Any CPU.Build.0 = Release|Any CPU
		{F9025860-D2E5-4F21-AAA8-5A459F085631}.Debug|Any CPU.ActiveCfg = Debug|Any CPU
		{F9025860-D2E5-4F21-AAA8-5A459F085631}.Debug|Any CPU.Build.0 = Debug|Any CPU
		{F9025860-D2E5-4F21-AAA8-5A459F085631}.Release|Any CPU.ActiveCfg = Release|Any CPU
		{F9025860-D2E5-4F21-AAA8-5A459F085631}.Release|Any CPU.Build.0 = Release|Any CPU
		{5F5BE8F8-50FA-4E61-95E5-8BF4B753104A}.Debug|Any CPU.ActiveCfg = Debug|Any CPU
		{5F5BE8F8-50FA-4E61-95E5-8BF4B753104A}.Debug|Any CPU.Build.0 = Debug|Any CPU
		{5F5BE8F8-50FA-4E61-95E5-8BF4B753104A}.Release|Any CPU.ActiveCfg = Release|Any CPU
		{5F5BE8F8-50FA-4E61-95E5-8BF4B753104A}.Release|Any CPU.Build.0 = Release|Any CPU
		{A42F2BFC-0E37-4079-AFFC-3704B580AF67}.Debug|Any CPU.ActiveCfg = Debug|Any CPU
		{A42F2BFC-0E37-4079-AFFC-3704B580AF67}.Debug|Any CPU.Build.0 = Debug|Any CPU
		{A42F2BFC-0E37-4079-AFFC-3704B580AF67}.Release|Any CPU.ActiveCfg = Release|Any CPU
		{A42F2BFC-0E37-4079-AFFC-3704B580AF67}.Release|Any CPU.Build.0 = Release|Any CPU
	EndGlobalSection
	GlobalSection(SolutionProperties) = preSolution
		HideSolutionNode = FALSE
	EndGlobalSection
	GlobalSection(NestedProjects) = preSolution
		{E371AE0A-7C46-495F-9CCA-0503FDCA7658} = {0489551B-0167-4CC5-A67F-FBF314BC8343}
		{5F5BE8F8-50FA-4E61-95E5-8BF4B753104A} = {0489551B-0167-4CC5-A67F-FBF314BC8343}
		{A42F2BFC-0E37-4079-AFFC-3704B580AF67} = {0489551B-0167-4CC5-A67F-FBF314BC8343}
	EndGlobalSection
	GlobalSection(ExtensibilityGlobals) = postSolution
		SolutionGuid = {BB422D1B-61C7-450C-8E81-B63DD69B353F}
	EndGlobalSection
EndGlobal
